
Microsoft Visual Studio Solution File, Format Version 12.00
# Visual Studio Version 17
VisualStudioVersion = 17.11.35303.130
MinimumVisualStudioVersion = 10.0.40219.1
Project("{FAE04EC0-301F-11D3-BF4B-00C04F79EFBC}") = "örnek1", "örnek1\örnek1.csproj", "{4E169EF4-B4F8-4069-BF17-7273AAF7FCFF}"
EndProject
Global
	GlobalSection(SolutionConfigurationPlatforms) = preSolution
		Debug|Any CPU = Debug|Any CPU
		Release|Any CPU = Release|Any CPU
	EndGlobalSection
	GlobalSection(ProjectConfigurationPlatforms) = postSolution
		{4E169EF4-B4F8-4069-BF17-7273AAF7FCFF}.Debug|Any CPU.ActiveCfg = Debug|Any CPU
		{4E169EF4-B4F8-4069-BF17-7273AAF7FCFF}.Debug|Any CPU.Build.0 = Debug|Any CPU
		{4E169EF4-B4F8-4069-BF17-7273AAF7FCFF}.Release|Any CPU.ActiveCfg = Release|Any CPU
		{4E169EF4-B4F8-4069-BF17-7273AAF7FCFF}.Release|Any CPU.Build.0 = Release|Any CPU
	EndGlobalSection
	GlobalSection(SolutionProperties) = preSolution
		HideSolutionNode = FALSE
	EndGlobalSection
	GlobalSection(ExtensibilityGlobals) = postSolution
		SolutionGuid = {24C7D9C5-DFA3-4D49-9C8C-59A7B3B51E78}
	EndGlobalSection
EndGlobal
